<?xml version="1.0" encoding="utf-8"?>
<Project ToolsVersion="4.0" xmlns="http://schemas.microsoft.com/developer/msbuild/2003">
  <ItemGroup>
    <Filter Include="Utils">
      <UniqueIdentifier>{ec137f47-2c68-4acf-b9e4-4cee72c871c7}</UniqueIdentifier>
    </Filter>
    <Filter Include="Main">
      <UniqueIdentifier>{afdb0c65-ad30-4ed9-bdc7-1fb9fe046be1}</UniqueIdentifier>
    </Filter>
    <Filter Include="Game">
      <UniqueIdentifier>{a2867b0e-1d37-4730-a51d-661d100ebc17}</UniqueIdentifier>
    </Filter>
  </ItemGroup>
  <ItemGroup>
    <ClInclude Include="Main.h">
      <Filter>Main</Filter>
    </ClInclude>
    <ClInclude Include="pch.h">
      <Filter>Main</Filter>
    </ClInclude>
    <ClInclude Include="CameraScript.h">
      <Filter>Utils</Filter>
    </ClInclude>
    <ClInclude Include="Converter.h">
      <Filter>Utils</Filter>
    </ClInclude>
    <ClInclude Include="AssimpTool.h">
      <Filter>Game</Filter>
    </ClInclude>
    <ClInclude Include="AsTypes.h">
      <Filter>Main</Filter>
    </ClInclude>
  </ItemGroup>
  <ItemGroup>
    <ClCompile Include="Main.cpp">
      <Filter>Main</Filter>
    </ClCompile>
    <ClCompile Include="pch.cpp">
      <Filter>Main</Filter>
    </ClCompile>
    <ClCompile Include="CameraScript.cpp">
      <Filter>Utils</Filter>
    </ClCompile>
    <ClCompile Include="Converter.cpp">
      <Filter>Utils</Filter>
    </ClCompile>
    <ClCompile Include="AssimpTool.cpp">
      <Filter>Game</Filter>
    </ClCompile>
    <ClCompile Include="AsTypes.cpp">
      <Filter>Main</Filter>
    </ClCompile>
  </ItemGroup>
</Project>